
Microsoft Visual Studio Solution File, Format Version 12.00
# Visual Studio 15
VisualStudioVersion = 15.0.27703.2018
MinimumVisualStudioVersion = 10.0.40219.1
Project("{FAE04EC0-301F-11D3-BF4B-00C04F79EFBC}") = "AdventureLearn.App.Android", "AdventureLearn.App\AdventureLearn.App.Android\AdventureLearn.App.Android.csproj", "{FAAB8732-BA2C-4A45-B76E-F74362748301}"
EndProject
Project("{FAE04EC0-301F-11D3-BF4B-00C04F79EFBC}") = "AdventureLearn.App.iOS", "AdventureLearn.App\AdventureLearn.App.iOS\AdventureLearn.App.iOS.csproj", "{22B5E2F5-684D-47CB-96A6-89A1BA6E301C}"
EndProject
Project("{9A19103F-16F7-4668-BE54-9A1E7A4F7556}") = "AdventureLearn.App", "AdventureLearn.App\AdventureLearn.App\AdventureLearn.App.csproj", "{6B59F76E-77FA-41FA-BB55-45138E04B9AD}"
EndProject
Project("{9A19103F-16F7-4668-BE54-9A1E7A4F7556}") = "AdventureLearn.Web", "AdventureLearn.Web\AdventureLearn.Web.csproj", "{7287F02B-5BB1-4CAD-95F6-190341D6698D}"
EndProject
Project("{9A19103F-16F7-4668-BE54-9A1E7A4F7556}") = "AdventureLearn", "AdventureLearn\AdventureLearn.csproj", "{24459A40-7BD3-4712-8BDE-FA866661A459}"
EndProject
Project("{9A19103F-16F7-4668-BE54-9A1E7A4F7556}") = "AdventureLearn.WebAPI", "AdventureLearn.WebAPI\AdventureLearn.WebAPI.csproj", "{057B78DB-8A16-40D0-B948-D3ADD4E51394}"
EndProject
Global
	GlobalSection(SolutionConfigurationPlatforms) = preSolution
		Ad-Hoc|Any CPU = Ad-Hoc|Any CPU
		Ad-Hoc|iPhone = Ad-Hoc|iPhone
		Ad-Hoc|iPhoneSimulator = Ad-Hoc|iPhoneSimulator
		AppStore|Any CPU = AppStore|Any CPU
		AppStore|iPhone = AppStore|iPhone
		AppStore|iPhoneSimulator = AppStore|iPhoneSimulator
		Debug|Any CPU = Debug|Any CPU
		Debug|iPhone = Debug|iPhone
		Debug|iPhoneSimulator = Debug|iPhoneSimulator
		Release|Any CPU = Release|Any CPU
		Release|iPhone = Release|iPhone
		Release|iPhoneSimulator = Release|iPhoneSimulator
	EndGlobalSection
	GlobalSection(ProjectConfigurationPlatforms) = postSolution
		{FAAB8732-BA2C-4A45-B76E-F74362748301}.Ad-Hoc|Any CPU.ActiveCfg = Release|Any CPU
		{FAAB8732-BA2C-4A45-B76E-F74362748301}.Ad-Hoc|Any CPU.Build.0 = Release|Any CPU
		{FAAB8732-BA2C-4A45-B76E-F74362748301}.Ad-Hoc|Any CPU.Deploy.0 = Release|Any CPU
		{FAAB8732-BA2C-4A45-B76E-F74362748301}.Ad-Hoc|iPhone.ActiveCfg = Release|Any CPU
		{FAAB8732-BA2C-4A45-B76E-F74362748301}.Ad-Hoc|iPhone.Build.0 = Release|Any CPU
		{FAAB8732-BA2C-4A45-B76E-F74362748301}.Ad-Hoc|iPhone.Deploy.0 = Release|Any CPU
		{FAAB8732-BA2C-4A45-B76E-F74362748301}.Ad-Hoc|iPhoneSimulator.ActiveCfg = Release|Any CPU
		{FAAB8732-BA2C-4A45-B76E-F74362748301}.Ad-Hoc|iPhoneSimulator.Build.0 = Release|Any CPU
		{FAAB8732-BA2C-4A45-B76E-F74362748301}.Ad-Hoc|iPhoneSimulator.Deploy.0 = Release|Any CPU
		{FAAB8732-BA2C-4A45-B76E-F74362748301}.AppStore|Any CPU.ActiveCfg = Release|Any CPU
		{FAAB8732-BA2C-4A45-B76E-F74362748301}.AppStore|Any CPU.Build.0 = Release|Any CPU
		{FAAB8732-BA2C-4A45-B76E-F74362748301}.AppStore|Any CPU.Deploy.0 = Release|Any CPU
		{FAAB8732-BA2C-4A45-B76E-F74362748301}.AppStore|iPhone.ActiveCfg = Release|Any CPU
		{FAAB8732-BA2C-4A45-B76E-F74362748301}.AppStore|iPhone.Build.0 = Release|Any CPU
		{FAAB8732-BA2C-4A45-B76E-F74362748301}.AppStore|iPhone.Deploy.0 = Release|Any CPU
		{FAAB8732-BA2C-4A45-B76E-F74362748301}.AppStore|iPhoneSimulator.ActiveCfg = Release|Any CPU
		{FAAB8732-BA2C-4A45-B76E-F74362748301}.AppStore|iPhoneSimulator.Build.0 = Release|Any CPU
		{FAAB8732-BA2C-4A45-B76E-F74362748301}.AppStore|iPhoneSimulator.Deploy.0 = Release|Any CPU
		{FAAB8732-BA2C-4A45-B76E-F74362748301}.Debug|Any CPU.ActiveCfg = Debug|Any CPU
		{FAAB8732-BA2C-4A45-B76E-F74362748301}.Debug|Any CPU.Build.0 = Debug|Any CPU
		{FAAB8732-BA2C-4A45-B76E-F74362748301}.Debug|Any CPU.Deploy.0 = Debug|Any CPU
		{FAAB8732-BA2C-4A45-B76E-F74362748301}.Debug|iPhone.ActiveCfg = Debug|Any CPU
		{FAAB8732-BA2C-4A45-B76E-F74362748301}.Debug|iPhone.Build.0 = Debug|Any CPU
		{FAAB8732-BA2C-4A45-B76E-F74362748301}.Debug|iPhone.Deploy.0 = Debug|Any CPU
		{FAAB8732-BA2C-4A45-B76E-F74362748301}.Debug|iPhoneSimulator.ActiveCfg = Debug|Any CPU
		{FAAB8732-BA2C-4A45-B76E-F74362748301}.Debug|iPhoneSimulator.Build.0 = Debug|Any CPU
		{FAAB8732-BA2C-4A45-B76E-F74362748301}.Debug|iPhoneSimulator.Deploy.0 = Debug|Any CPU
		{FAAB8732-BA2C-4A45-B76E-F74362748301}.Release|Any CPU.ActiveCfg = Release|Any CPU
		{FAAB8732-BA2C-4A45-B76E-F74362748301}.Release|Any CPU.Build.0 = Release|Any CPU
		{FAAB8732-BA2C-4A45-B76E-F74362748301}.Release|Any CPU.Deploy.0 = Release|Any CPU
		{FAAB8732-BA2C-4A45-B76E-F74362748301}.Release|iPhone.ActiveCfg = Release|Any CPU
		{FAAB8732-BA2C-4A45-B76E-F74362748301}.Release|iPhone.Build.0 = Release|Any CPU
		{FAAB8732-BA2C-4A45-B76E-F74362748301}.Release|iPhone.Deploy.0 = Release|Any CPU
		{FAAB8732-BA2C-4A45-B76E-F74362748301}.Release|iPhoneSimulator.ActiveCfg = Release|Any CPU
		{FAAB8732-BA2C-4A45-B76E-F74362748301}.Release|iPhoneSimulator.Build.0 = Release|Any CPU
		{FAAB8732-BA2C-4A45-B76E-F74362748301}.Release|iPhoneSimulator.Deploy.0 = Release|Any CPU
		{22B5E2F5-684D-47CB-96A6-89A1BA6E301C}.Ad-Hoc|Any CPU.ActiveCfg = Ad-Hoc|iPhone
		{22B5E2F5-684D-47CB-96A6-89A1BA6E301C}.Ad-Hoc|iPhone.ActiveCfg = Ad-Hoc|iPhone
		{22B5E2F5-684D-47CB-96A6-89A1BA6E301C}.Ad-Hoc|iPhone.Build.0 = Ad-Hoc|iPhone
		{22B5E2F5-684D-47CB-96A6-89A1BA6E301C}.Ad-Hoc|iPhoneSimulator.ActiveCfg = Ad-Hoc|iPhoneSimulator
		{22B5E2F5-684D-47CB-96A6-89A1BA6E301C}.Ad-Hoc|iPhoneSimulator.Build.0 = Ad-Hoc|iPhoneSimulator
		{22B5E2F5-684D-47CB-96A6-89A1BA6E301C}.AppStore|Any CPU.ActiveCfg = AppStore|iPhone
		{22B5E2F5-684D-47CB-96A6-89A1BA6E301C}.AppStore|iPhone.ActiveCfg = AppStore|iPhone
		{22B5E2F5-684D-47CB-96A6-89A1BA6E301C}.AppStore|iPhone.Build.0 = AppStore|iPhone
		{22B5E2F5-684D-47CB-96A6-89A1BA6E301C}.AppStore|iPhoneSimulator.ActiveCfg = AppStore|iPhoneSimulator
		{22B5E2F5-684D-47CB-96A6-89A1BA6E301C}.AppStore|iPhoneSimulator.Build.0 = AppStore|iPhoneSimulator
		{22B5E2F5-684D-47CB-96A6-89A1BA6E301C}.Debug|Any CPU.ActiveCfg = Debug|iPhone
		{22B5E2F5-684D-47CB-96A6-89A1BA6E301C}.Debug|iPhone.ActiveCfg = Debug|iPhone
		{22B5E2F5-684D-47CB-96A6-89A1BA6E301C}.Debug|iPhone.Build.0 = Debug|iPhone
		{22B5E2F5-684D-47CB-96A6-89A1BA6E301C}.Debug|iPhoneSimulator.ActiveCfg = Debug|iPhoneSimulator
		{22B5E2F5-684D-47CB-96A6-89A1BA6E301C}.Debug|iPhoneSimulator.Build.0 = Debug|iPhoneSimulator
		{22B5E2F5-684D-47CB-96A6-89A1BA6E301C}.Release|Any CPU.ActiveCfg = Release|iPhone
		{22B5E2F5-684D-47CB-96A6-89A1BA6E301C}.Release|iPhone.ActiveCfg = Release|iPhone
		{22B5E2F5-684D-47CB-96A6-89A1BA6E301C}.Release|iPhone.Build.0 = Release|iPhone
		{22B5E2F5-684D-47CB-96A6-89A1BA6E301C}.Release|iPhoneSimulator.ActiveCfg = Release|iPhoneSimulator
		{22B5E2F5-684D-47CB-96A6-89A1BA6E301C}.Release|iPhoneSimulator.Build.0 = Release|iPhoneSimulator
		{6B59F76E-77FA-41FA-BB55-45138E04B9AD}.Ad-Hoc|Any CPU.ActiveCfg = Debug|Any CPU
		{6B59F76E-77FA-41FA-BB55-45138E04B9AD}.Ad-Hoc|Any CPU.Build.0 = Debug|Any CPU
		{6B59F76E-77FA-41FA-BB55-45138E04B9AD}.Ad-Hoc|iPhone.ActiveCfg = Debug|Any CPU
		{6B59F76E-77FA-41FA-BB55-45138E04B9AD}.Ad-Hoc|iPhone.Build.0 = Debug|Any CPU
		{6B59F76E-77FA-41FA-BB55-45138E04B9AD}.Ad-Hoc|iPhoneSimulator.ActiveCfg = Debug|Any CPU
		{6B59F76E-77FA-41FA-BB55-45138E04B9AD}.Ad-Hoc|iPhoneSimulator.Build.0 = Debug|Any CPU
		{6B59F76E-77FA-41FA-BB55-45138E04B9AD}.AppStore|Any CPU.ActiveCfg = Debug|Any CPU
		{6B59F76E-77FA-41FA-BB55-45138E04B9AD}.AppStore|Any CPU.Build.0 = Debug|Any CPU
		{6B59F76E-77FA-41FA-BB55-45138E04B9AD}.AppStore|iPhone.ActiveCfg = Debug|Any CPU
		{6B59F76E-77FA-41FA-BB55-45138E04B9AD}.AppStore|iPhone.Build.0 = Debug|Any CPU
		{6B59F76E-77FA-41FA-BB55-45138E04B9AD}.AppStore|iPhoneSimulator.ActiveCfg = Debug|Any CPU
		{6B59F76E-77FA-41FA-BB55-45138E04B9AD}.AppStore|iPhoneSimulator.Build.0 = Debug|Any CPU
		{6B59F76E-77FA-41FA-BB55-45138E04B9AD}.Debug|Any CPU.ActiveCfg = Debug|Any CPU
		{6B59F76E-77FA-41FA-BB55-45138E04B9AD}.Debug|Any CPU.Build.0 = Debug|Any CPU
		{6B59F76E-77FA-41FA-BB55-45138E04B9AD}.Debug|iPhone.ActiveCfg = Debug|Any CPU
		{6B59F76E-77FA-41FA-BB55-45138E04B9AD}.Debug|iPhone.Build.0 = Debug|Any CPU
		{6B59F76E-77FA-41FA-BB55-45138E04B9AD}.Debug|iPhoneSimulator.ActiveCfg = Debug|Any CPU
		{6B59F76E-77FA-41FA-BB55-45138E04B9AD}.Debug|iPhoneSimulator.Build.0 = Debug|Any CPU
		{6B59F76E-77FA-41FA-BB55-45138E04B9AD}.Release|Any CPU.ActiveCfg = Release|Any CPU
		{6B59F76E-77FA-41FA-BB55-45138E04B9AD}.Release|Any CPU.Build.0 = Release|Any CPU
		{6B59F76E-77FA-41FA-BB55-45138E04B9AD}.Release|iPhone.ActiveCfg = Release|Any CPU
		{6B59F76E-77FA-41FA-BB55-45138E04B9AD}.Release|iPhone.Build.0 = Release|Any CPU
		{6B59F76E-77FA-41FA-BB55-45138E04B9AD}.Release|iPhoneSimulator.ActiveCfg = Release|Any CPU
		{6B59F76E-77FA-41FA-BB55-45138E04B9AD}.Release|iPhoneSimulator.Build.0 = Release|Any CPU
		{7287F02B-5BB1-4CAD-95F6-190341D6698D}.Ad-Hoc|Any CPU.ActiveCfg = Debug|Any CPU
		{7287F02B-5BB1-4CAD-95F6-190341D6698D}.Ad-Hoc|Any CPU.Build.0 = Debug|Any CPU
		{7287F02B-5BB1-4CAD-95F6-190341D6698D}.Ad-Hoc|iPhone.ActiveCfg = Debug|Any CPU
		{7287F02B-5BB1-4CAD-95F6-190341D6698D}.Ad-Hoc|iPhone.Build.0 = Debug|Any CPU
		{7287F02B-5BB1-4CAD-95F6-190341D6698D}.Ad-Hoc|iPhoneSimulator.ActiveCfg = Debug|Any CPU
		{7287F02B-5BB1-4CAD-95F6-190341D6698D}.Ad-Hoc|iPhoneSimulator.Build.0 = Debug|Any CPU
		{7287F02B-5BB1-4CAD-95F6-190341D6698D}.AppStore|Any CPU.ActiveCfg = Debug|Any CPU
		{7287F02B-5BB1-4CAD-95F6-190341D6698D}.AppStore|Any CPU.Build.0 = Debug|Any CPU
		{7287F02B-5BB1-4CAD-95F6-190341D6698D}.AppStore|iPhone.ActiveCfg = Debug|Any CPU
		{7287F02B-5BB1-4CAD-95F6-190341D6698D}.AppStore|iPhone.Build.0 = Debug|Any CPU
		{7287F02B-5BB1-4CAD-95F6-190341D6698D}.AppStore|iPhoneSimulator.ActiveCfg = Debug|Any CPU
		{7287F02B-5BB1-4CAD-95F6-190341D6698D}.AppStore|iPhoneSimulator.Build.0 = Debug|Any CPU
		{7287F02B-5BB1-4CAD-95F6-190341D6698D}.Debug|Any CPU.ActiveCfg = Debug|Any CPU
		{7287F02B-5BB1-4CAD-95F6-190341D6698D}.Debug|Any CPU.Build.0 = Debug|Any CPU
		{7287F02B-5BB1-4CAD-95F6-190341D6698D}.Debug|iPhone.ActiveCfg = Debug|Any CPU
		{7287F02B-5BB1-4CAD-95F6-190341D6698D}.Debug|iPhone.Build.0 = Debug|Any CPU
		{7287F02B-5BB1-4CAD-95F6-190341D6698D}.Debug|iPhoneSimulator.ActiveCfg = Debug|Any CPU
		{7287F02B-5BB1-4CAD-95F6-190341D6698D}.Debug|iPhoneSimulator.Build.0 = Debug|Any CPU
		{7287F02B-5BB1-4CAD-95F6-190341D6698D}.Release|Any CPU.ActiveCfg = Release|Any CPU
		{7287F02B-5BB1-4CAD-95F6-190341D6698D}.Release|Any CPU.Build.0 = Release|Any CPU
		{7287F02B-5BB1-4CAD-95F6-190341D6698D}.Release|iPhone.ActiveCfg = Release|Any CPU
		{7287F02B-5BB1-4CAD-95F6-190341D6698D}.Release|iPhone.Build.0 = Release|Any CPU
		{7287F02B-5BB1-4CAD-95F6-190341D6698D}.Release|iPhoneSimulator.ActiveCfg = Release|Any CPU
		{7287F02B-5BB1-4CAD-95F6-190341D6698D}.Release|iPhoneSimulator.Build.0 = Release|Any CPU
		{24459A40-7BD3-4712-8BDE-FA866661A459}.Ad-Hoc|Any CPU.ActiveCfg = Debug|Any CPU
		{24459A40-7BD3-4712-8BDE-FA866661A459}.Ad-Hoc|Any CPU.Build.0 = Debug|Any CPU
		{24459A40-7BD3-4712-8BDE-FA866661A459}.Ad-Hoc|iPhone.ActiveCfg = Debug|Any CPU
		{24459A40-7BD3-4712-8BDE-FA866661A459}.Ad-Hoc|iPhone.Build.0 = Debug|Any CPU
		{24459A40-7BD3-4712-8BDE-FA866661A459}.Ad-Hoc|iPhoneSimulator.ActiveCfg = Debug|Any CPU
		{24459A40-7BD3-4712-8BDE-FA866661A459}.Ad-Hoc|iPhoneSimulator.Build.0 = Debug|Any CPU
		{24459A40-7BD3-4712-8BDE-FA866661A459}.AppStore|Any CPU.ActiveCfg = Debug|Any CPU
		{24459A40-7BD3-4712-8BDE-FA866661A459}.AppStore|Any CPU.Build.0 = Debug|Any CPU
		{24459A40-7BD3-4712-8BDE-FA866661A459}.AppStore|iPhone.ActiveCfg = Debug|Any CPU
		{24459A40-7BD3-4712-8BDE-FA866661A459}.AppStore|iPhone.Build.0 = Debug|Any CPU
		{24459A40-7BD3-4712-8BDE-FA866661A459}.AppStore|iPhoneSimulator.ActiveCfg = Debug|Any CPU
		{24459A40-7BD3-4712-8BDE-FA866661A459}.AppStore|iPhoneSimulator.Build.0 = Debug|Any CPU
		{24459A40-7BD3-4712-8BDE-FA866661A459}.Debug|Any CPU.ActiveCfg = Debug|Any CPU
		{24459A40-7BD3-4712-8BDE-FA866661A459}.Debug|Any CPU.Build.0 = Debug|Any CPU
		{24459A40-7BD3-4712-8BDE-FA866661A459}.Debug|iPhone.ActiveCfg = Debug|Any CPU
		{24459A40-7BD3-4712-8BDE-FA866661A459}.Debug|iPhone.Build.0 = Debug|Any CPU
		{24459A40-7BD3-4712-8BDE-FA866661A459}.Debug|iPhoneSimulator.ActiveCfg = Debug|Any CPU
		{24459A40-7BD3-4712-8BDE-FA866661A459}.Debug|iPhoneSimulator.Build.0 = Debug|Any CPU
		{24459A40-7BD3-4712-8BDE-FA866661A459}.Release|Any CPU.ActiveCfg = Release|Any CPU
		{24459A40-7BD3-4712-8BDE-FA866661A459}.Release|Any CPU.Build.0 = Release|Any CPU
		{24459A40-7BD3-4712-8BDE-FA866661A459}.Release|iPhone.ActiveCfg = Release|Any CPU
		{24459A40-7BD3-4712-8BDE-FA866661A459}.Release|iPhone.Build.0 = Release|Any CPU
		{24459A40-7BD3-4712-8BDE-FA866661A459}.Release|iPhoneSimulator.ActiveCfg = Release|Any CPU
		{24459A40-7BD3-4712-8BDE-FA866661A459}.Release|iPhoneSimulator.Build.0 = Release|Any CPU
		{057B78DB-8A16-40D0-B948-D3ADD4E51394}.Ad-Hoc|Any CPU.ActiveCfg = Debug|Any CPU
		{057B78DB-8A16-40D0-B948-D3ADD4E51394}.Ad-Hoc|Any CPU.Build.0 = Debug|Any CPU
		{057B78DB-8A16-40D0-B948-D3ADD4E51394}.Ad-Hoc|iPhone.ActiveCfg = Debug|Any CPU
		{057B78DB-8A16-40D0-B948-D3ADD4E51394}.Ad-Hoc|iPhone.Build.0 = Debug|Any CPU
		{057B78DB-8A16-40D0-B948-D3ADD4E51394}.Ad-Hoc|iPhoneSimulator.ActiveCfg = Debug|Any CPU
		{057B78DB-8A16-40D0-B948-D3ADD4E51394}.Ad-Hoc|iPhoneSimulator.Build.0 = Debug|Any CPU
		{057B78DB-8A16-40D0-B948-D3ADD4E51394}.AppStore|Any CPU.ActiveCfg = Debug|Any CPU
		{057B78DB-8A16-40D0-B948-D3ADD4E51394}.AppStore|Any CPU.Build.0 = Debug|Any CPU
		{057B78DB-8A16-40D0-B948-D3ADD4E51394}.AppStore|iPhone.ActiveCfg = Debug|Any CPU
		{057B78DB-8A16-40D0-B948-D3ADD4E51394}.AppStore|iPhone.Build.0 = Debug|Any CPU
		{057B78DB-8A16-40D0-B948-D3ADD4E51394}.AppStore|iPhoneSimulator.ActiveCfg = Debug|Any CPU
		{057B78DB-8A16-40D0-B948-D3ADD4E51394}.AppStore|iPhoneSimulator.Build.0 = Debug|Any CPU
		{057B78DB-8A16-40D0-B948-D3ADD4E51394}.Debug|Any CPU.ActiveCfg = Debug|Any CPU
		{057B78DB-8A16-40D0-B948-D3ADD4E51394}.Debug|Any CPU.Build.0 = Debug|Any CPU
		{057B78DB-8A16-40D0-B948-D3ADD4E51394}.Debug|iPhone.ActiveCfg = Debug|Any CPU
		{057B78DB-8A16-40D0-B948-D3ADD4E51394}.Debug|iPhone.Build.0 = Debug|Any CPU
		{057B78DB-8A16-40D0-B948-D3ADD4E51394}.Debug|iPhoneSimulator.ActiveCfg = Debug|Any CPU
		{057B78DB-8A16-40D0-B948-D3ADD4E51394}.Debug|iPhoneSimulator.Build.0 = Debug|Any CPU
		{057B78DB-8A16-40D0-B948-D3ADD4E51394}.Release|Any CPU.ActiveCfg = Release|Any CPU
		{057B78DB-8A16-40D0-B948-D3ADD4E51394}.Release|Any CPU.Build.0 = Release|Any CPU
		{057B78DB-8A16-40D0-B948-D3ADD4E51394}.Release|iPhone.ActiveCfg = Release|Any CPU
		{057B78DB-8A16-40D0-B948-D3ADD4E51394}.Release|iPhone.Build.0 = Release|Any CPU
		{057B78DB-8A16-40D0-B948-D3ADD4E51394}.Release|iPhoneSimulator.ActiveCfg = Release|Any CPU
		{057B78DB-8A16-40D0-B948-D3ADD4E51394}.Release|iPhoneSimulator.Build.0 = Release|Any CPU
	EndGlobalSection
	GlobalSection(SolutionProperties) = preSolution
		HideSolutionNode = FALSE
	EndGlobalSection
	GlobalSection(ExtensibilityGlobals) = postSolution
		SolutionGuid = {67B9F72A-FF09-4263-B9B4-2D826448375F}
	EndGlobalSection
EndGlobal
